
Microsoft Visual Studio Solution File, Format Version 12.00
# Visual Studio 2012
Project("{FAE04EC0-301F-11D3-BF4B-00C04F79EFBC}") = "Swapping Numbers", "Swapping Numbers\Swapping Numbers.csproj", "{867DD9A7-48A3-499B-8CC0-F4E597854492}"
EndProject
Global
	GlobalSection(SolutionConfigurationPlatforms) = preSolution
		Debug|Any CPU = Debug|Any CPU
		Release|Any CPU = Release|Any CPU
	EndGlobalSection
	GlobalSection(ProjectConfigurationPlatforms) = postSolution
		{867DD9A7-48A3-499B-8CC0-F4E597854492}.Debug|Any CPU.ActiveCfg = Debug|Any CPU
		{867DD9A7-48A3-499B-8CC0-F4E597854492}.Debug|Any CPU.Build.0 = Debug|Any CPU
		{867DD9A7-48A3-499B-8CC0-F4E597854492}.Release|Any CPU.ActiveCfg = Release|Any CPU
		{867DD9A7-48A3-499B-8CC0-F4E597854492}.Release|Any CPU.Build.0 = Release|Any CPU
	EndGlobalSection
	GlobalSection(SolutionProperties) = preSolution
		HideSolutionNode = FALSE
	EndGlobalSection
EndGlobal
